// !$*UTF8*$!
{
	archiveVersion = 1;
	classes = {
	};
	objectVersion = 46;
	objects = {

/* Begin PBXBuildFile section */
		93B236321C61A400000547D4 /* main.cpp in Sources */ = {isa = PBXBuildFile; fileRef = 93B236311C61A400000547D4 /* main.cpp */; };
		93CA9E501C5DA99E00C2439E /* DList.cpp in Sources */ = {isa = PBXBuildFile; fileRef = 93CA9E4F1C5DA99E00C2439E /* DList.cpp */; };
/* End PBXBuildFile section */

/* Begin PBXCopyFilesBuildPhase section */
		93CA9E151C5C764A00C2439E /* CopyFiles */ = {
			isa = PBXCopyFilesBuildPhase;
			buildActionMask = 2147483647;
			dstPath = /usr/share/man/man1/;
			dstSubfolderSpec = 0;
			files = (
			);
			runOnlyForDeploymentPostprocessing = 1;
		};
/* End PBXCopyFilesBuildPhase section */

/* Begin PBXFileReference section */
		93B236311C61A400000547D4 /* main.cpp */ = {isa = PBXFileReference; fileEncoding = 4; lastKnownFileType = sourcecode.cpp.cpp; path = main.cpp; sourceTree = "<group>"; };
		93CA9E171C5C764A00C2439E /* List Implementation */ = {isa = PBXFileReference; explicitFileType = "compiled.mach-o.executable"; includeInIndex = 0; path = "List Implementation"; sourceTree = BUILT_PRODUCTS_DIR; };
		93CA9E241C5C768300C2439E /* List.h */ = {isa = PBXFileReference; fileEncoding = 4; lastKnownFileType = sourcecode.c.h; path = List.h; sourceTree = "<group>"; };
		93CA9E4A1C5DA90B00C2439E /* DList.h */ = {isa = PBXFileReference; fileEncoding = 4; lastKnownFileType = sourcecode.c.h; path = DList.h; sourceTree = "<group>"; };
		93CA9E4F1C5DA99E00C2439E /* DList.cpp */ = {isa = PBXFileReference; fileEncoding = 4; lastKnownFileType = sourcecode.cpp.cpp; path = DList.cpp; sourceTree = "<group>"; };
/* End PBXFileReference section */

/* Begin PBXFrameworksBuildPhase section */
		93CA9E141C5C764A00C2439E /* Frameworks */ = {
			isa = PBXFrameworksBuildPhase;
			buildActionMask = 2147483647;
			files = (
			);
			runOnlyForDeploymentPostprocessing = 0;
		};
/* End PBXFrameworksBuildPhase section */

/* Begin PBXGroup section */
		93CA9E0E1C5C764A00C2439E = {
			isa = PBXGroup;
			children = (
				93CA9E191C5C764A00C2439E /* List Implementation */,
				93CA9E181C5C764A00C2439E /* Products */,
			);
			sourceTree = "<group>";
		};
		93CA9E181C5C764A00C2439E /* Products */ = {
			isa = PBXGroup;
			children = (
				93CA9E171C5C764A00C2439E /* List Implementation */,
			);
			name = Products;
			sourceTree = "<group>";
		};
		93CA9E191C5C764A00C2439E /* List Implementation */ = {
			isa = PBXGroup;
			children = (
				93CA9E241C5C768300C2439E /* List.h */,
				93CA9E4A1C5DA90B00C2439E /* DList.h */,
				93CA9E4F1C5DA99E00C2439E /* DList.cpp */,
				93B236311C61A400000547D4 /* main.cpp */,
			);
			path = "List Implementation";
			sourceTree = "<group>";
		};
/* End PBXGroup section */

/* Begin PBXNativeTarget section */
		93CA9E161C5C764A00C2439E /* List Implementation */ = {
			isa = PBXNativeTarget;
			buildConfigurationList = 93CA9E1E1C5C764A00C2439E /* Build configuration list for PBXNativeTarget "List Implementation" */;
			buildPhases = (
				93CA9E131C5C764A00C2439E /* Sources */,
				93CA9E141C5C764A00C2439E /* Frameworks */,
				93CA9E151C5C764A00C2439E /* CopyFiles */,
			);
			buildRules = (
			);
			dependencies = (
			);
			name = "List Implementation";
			productName = "List Implementation";
			productReference = 93CA9E171C5C764A00C2439E /* List Implementation */;
			productType = "com.apple.product-type.tool";
		};
/* End PBXNativeTarget section */

/* Begin PBXProject section */
		93CA9E0F1C5C764A00C2439E /* Project object */ = {
			isa = PBXProject;
			attributes = {
				LastUpgradeCheck = 0720;
				ORGANIZATIONNAME = Aaron;
				TargetAttributes = {
					93CA9E161C5C764A00C2439E = {
						CreatedOnToolsVersion = 7.2;
					};
				};
			};
			buildConfigurationList = 93CA9E121C5C764A00C2439E /* Build configuration list for PBXProject "List Implementation" */;
			compatibilityVersion = "Xcode 3.2";
			developmentRegion = English;
			hasScannedForEncodings = 0;
			knownRegions = (
				en,
			);
			mainGroup = 93CA9E0E1C5C764A00C2439E;
			productRefGroup = 93CA9E181C5C764A00C2439E /* Products */;
			projectDirPath = "";
			projectRoot = "";
			targets = (
				93CA9E161C5C764A00C2439E /* List Implementation */,
			);
		};
/* End PBXProject section */

/* Begin PBXSourcesBuildPhase section */
		93CA9E131C5C764A00C2439E /* Sources */ = {
			isa = PBXSourcesBuildPhase;
			buildActionMask = 2147483647;
			files = (
				93CA9E501C5DA99E00C2439E /* DList.cpp in Sources */,
				93B236321C61A400000547D4 /* main.cpp in Sources */,
			);
			runOnlyForDeploymentPostprocessing = 0;
		};
/* End PBXSourcesBuildPhase section */

/* Begin XCBuildConfiguration section */
		93CA9E1C1C5C764A00C2439E /* Debug */ = {
			isa = XCBuildConfiguration;
			buildSettings = {
				ALWAYS_SEARCH_USER_PATHS = NO;
				CLANG_CXX_LANGUAGE_STANDARD = "gnu++0x";
				CLANG_CXX_LIBRARY = "libc++";
				CLANG_ENABLE_MODULES = YES;
				CLANG_ENABLE_OBJC_ARC = YES;
				CLANG_WARN_BOOL_CONVERSION = YES;
				CLANG_WARN_CONSTANT_CONVERSION = YES;
				CLANG_WARN_DIRECT_OBJC_ISA_USAGE = YES_ERROR;
				CLANG_WARN_EMPTY_BODY = YES;
				CLANG_WARN_ENUM_CONVERSION = YES;
				CLANG_WARN_INT_CONVERSION = YES;
				CLANG_WARN_OBJC_ROOT_CLASS = YES_ERROR;
				CLANG_WARN_UNREACHABLE_CODE = YES;
				CLANG_WARN__DUPLICATE_METHOD_MATCH = YES;
				CODE_SIGN_IDENTITY = "-";
				COPY_PHASE_STRIP = NO;
				DEBUG_INFORMATION_FORMAT = dwarf;
				ENABLE_STRICT_OBJC_MSGSEND = YES;
				ENABLE_TESTABILITY = YES;
				GCC_C_LANGUAGE_STANDARD = gnu99;
				GCC_DYNAMIC_NO_PIC = NO;
				GCC_NO_COMMON_BLOCKS = YES;
				GCC_OPTIMIZATION_LEVEL = 0;
				GCC_PREPROCESSOR_DEFINITIONS = (
					"DEBUG=1",
					"$(inherited)",
				);
				GCC_WARN_64_TO_32_BIT_CONVERSION = YES;
				GCC_WARN_ABOUT_RETURN_TYPE = YES_ERROR;
				GCC_WARN_UNDECLARED_SELECTOR = YES;
				GCC_WARN_UNINITIALIZED_AUTOS = YES_AGGRESSIVE;
				GCC_WARN_UNUSED_FUNCTION = YES;
				GCC_WARN_UNUSED_VARIABLE = YES;
				MACOSX_DEPLOYMENT_TARGET = 10.11;
				MTL_ENABLE_DEBUG_INFO = YES;
				ONLY_ACTIVE_ARCH = YES;
				SDKROOT = macosx;
			};
			name = Debug;
		};
		93CA9E1D1C5C764A00C2439E /* Release */ = {
			isa = XCBuildConfiguration;
			buildSettings = {
				ALWAYS_SEARCH_USER_PATHS = NO;
				CLANG_CXX_LANGUAGE_STANDARD = "gnu++0x";
				CLANG_CXX_LIBRARY = "libc++";
				CLANG_ENABLE_MODULES = YES;
				CLANG_ENABLE_OBJC_ARC = YES;
				CLANG_WARN_BOOL_CONVERSION = YES;
				CLANG_WARN_CONSTANT_CONVERSION = YES;
				CLANG_WARN_DIRECT_OBJC_ISA_USAGE = YES_ERROR;
				CLANG_WARN_EMPTY_BODY = YES;
				CLANG_WARN_ENUM_CONVERSION = YES;
				CLANG_WARN_INT_CONVERSION = YES;
				CLANG_WARN_OBJC_ROOT_CLASS = YES_ERROR;
				CLANG_WARN_UNREACHABLE_CODE = YES;
				CLANG_WARN__DUPLICATE_METHOD_MATCH = YES;
				CODE_SIGN_IDENTITY = "-";
				COPY_PHASE_STRIP = NO;
				DEBUG_INFORMATION_FORMAT = "dwarf-with-dsym";
				ENABLE_NS_ASSERTIONS = NO;
				ENABLE_STRICT_OBJC_MSGSEND = YES;
				GCC_C_LANGUAGE_STANDARD = gnu99;
				GCC_NO_COMMON_BLOCKS = YES;
				GCC_WARN_64_TO_32_BIT_CONVERSION = YES;
				GCC_WARN_ABOUT_RETURN_TYPE = YES_ERROR;
				GCC_WARN_UNDECLARED_SELECTOR = YES;
				GCC_WARN_UNINITIALIZED_AUTOS = YES_AGGRESSIVE;
				GCC_WARN_UNUSED_FUNCTION = YES;
				GCC_WARN_UNUSED_VARIABLE = YES;
				MACOSX_DEPLOYMENT_TARGET = 10.11;
				MTL_ENABLE_DEBUG_INFO = NO;
				SDKROOT = macosx;
			};
			name = Release;
		};
		93CA9E1F1C5C764A00C2439E /* Debug */ = {
			isa = XCBuildConfiguration;
			buildSettings = {
				PRODUCT_NAME = "$(TARGET_NAME)";
			};
			name = Debug;
		};
		93CA9E201C5C764A00C2439E /* Release */ = {
			isa = XCBuildConfiguration;
			buildSettings = {
				PRODUCT_NAME = "$(TARGET_NAME)";
			};
			name = Release;
		};
/* End XCBuildConfiguration section */

/* Begin XCConfigurationList section */
		93CA9E121C5C764A00C2439E /* Build configuration list for PBXProject "List Implementation" */ = {
			isa = XCConfigurationList;
			buildConfigurations = (
				93CA9E1C1C5C764A00C2439E /* Debug */,
				93CA9E1D1C5C764A00C2439E /* Release */,
			);
			defaultConfigurationIsVisible = 0;
			defaultConfigurationName = Release;
		};
		93CA9E1E1C5C764A00C2439E /* Build configuration list for PBXNativeTarget "List Implementation" */ = {
			isa = XCConfigurationList;
			buildConfigurations = (
				93CA9E1F1C5C764A00C2439E /* Debug */,
				93CA9E201C5C764A00C2439E /* Release */,
			);
			defaultConfigurationIsVisible = 0;
			defaultConfigurationName = Release;
		};
/* End XCConfigurationList section */
	};
	rootObject = 93CA9E0F1C5C764A00C2439E /* Project object */;
}
